{
  "name": "utsav",
  "version": "1.0.0",
  "lockfileVersion": 3,
  "requires": true,
  "packages": {
    "": {
      "name": "utsav",
      "version": "1.0.0",
      "dependencies": {
        "@vercel/analytics": "2.0.1"
      }
    },
    "node_modules/@vercel/analytics": {
      "version": "2.0.1",
      "resolved": "https://registry.npmjs.org/@vercel/analytics/-/analytics-2.0.1.tgz",
      "integrity": "sha512-5vQyV5q1o8r0e9l3nQ2tVQWJ6Z9v8V4n4w5l2Q8wV2hG8v2jR4y9dG2kY7k2e6r0o9h2Q4b8X1Q7Y5Q7qYQ=="
    }
  }
}
